# THIS IS AN AUTOGENERATED FILE. DO NOT EDIT THIS FILE DIRECTLY.
# yarn lockfile v1


"@babel/helper-validator-identifier@^7.14.0":
  version "7.14.0"
  resolved "https://registry.yarnpkg.com/@babel/helper-validator-identifier/-/helper-validator-identifier-7.14.0.tgz#d26cad8a47c65286b15df1547319a5d0bcf27288"
  integrity sha512-V3ts7zMSu5lfiwWDVWzRDGIN+lnCEUdaXgtVHJgLb1rGaA6jMrtB9EmE7L18foXJIE8Un/A/h6NJfGQp/e1J4A==

"@babel/parser@^7.12.0", "@babel/parser@^7.13.9":
  version "7.14.1"
  resolved "https://registry.yarnpkg.com/@babel/parser/-/parser-7.14.1.tgz#1bd644b5db3f5797c4479d89ec1817fe02b84c47"
  integrity sha512-muUGEKu8E/ftMTPlNp+mc6zL3E9zKWmF5sDHZ5MSsoTP9Wyz64AhEf9kD08xYJ7w6Hdcu8H550ircnPyWSIF0Q==

"@babel/types@^7.12.0", "@babel/types@^7.13.0":
  version "7.14.1"
  resolved "https://registry.yarnpkg.com/@babel/types/-/types-7.14.1.tgz#095bd12f1c08ab63eff6e8f7745fa7c9cc15a9db"
  integrity sha512-S13Qe85fzLs3gYRUnrpyeIrBJIMYv33qSTg1qoBwiG6nPKwUWAD9odSzWhEedpwOIzSEI6gbdQIWEMiCI42iBA==
  dependencies:
    "@babel/helper-validator-identifier" "^7.14.0"
    to-fast-properties "^2.0.0"

"@firebase/app-types@0.1.2":
  version "0.1.2"
  resolved "https://registry.yarnpkg.com/@firebase/app-types/-/app-types-0.1.2.tgz#a20cb346e3be374c0bdee6b102de0ea5e8e6fa27"
  integrity sha512-bCIZGeMtP0ibrXNNaU214/1tRNw0jHnir/cfiAao1gjUyIS7RzOTQoH+zbwPJNEwUqJ0T3ykw/Tv4/khGqbVBg==

"@firebase/app@^0.1.2":
  version "0.1.10"
  resolved "https://registry.yarnpkg.com/@firebase/app/-/app-0.1.10.tgz#fc80c62dbe4d601cad1495bc095309adb9074f85"
  integrity sha512-2GTXt3b2QZXkmx6/5nNJq+pEN/VTjAG55MFJS1WMoLVZkwKuNpWNk65QVyPaoL88x1iHtuLqAMFgJUOnhOg+Pw==
  dependencies:
    "@firebase/app-types" "0.1.2"
    "@firebase/util" "0.1.10"
    tslib "^1.9.0"

"@firebase/auth@^0.2.2":
  version "0.2.2"
  resolved "https://registry.yarnpkg.com/@firebase/auth/-/auth-0.2.2.tgz#27af36f565dec5ca6ed6814e8310d78156c5d02c"
  integrity sha512-/qUnCjil7Eb0KQVErkziuyIbG1FrszD6+ttGY7+DTTbN+/QGjyqwTizwGLQDF8Itvf29O7YWKEdsoJyiwn/F4Q==

"@firebase/database-types@0.1.2":
  version "0.1.2"
  resolved "https://registry.yarnpkg.com/@firebase/database-types/-/database-types-0.1.2.tgz#c6a23b8aa721ca16951c752430167ee764659916"
  integrity sha512-WDqyclInvbD6qNtbVlatzXW6SpsV8V1Nz7DaTM8z27CwxRtXakAXxERPnGipA0ZbZV4v+Xs1+6wC7Xc6T4EVaw==

"@firebase/database@^0.1.3":
  version "0.1.11"
  resolved "https://registry.yarnpkg.com/@firebase/database/-/database-0.1.11.tgz#652731bfd844bb858ab616e3dc8a3d5b8181101c"
  integrity sha512-1TX8YlL3BCjgsbe1qvgg/r0SxOvIlJdmaktXXm6fnaPCjSD0Vhm5ln2EX3xGY97ft/Lruy9AA/7TfnAKIYA/+w==
  dependencies:
    "@firebase/database-types" "0.1.2"
    "@firebase/util" "0.1.10"
    faye-websocket "0.11.1"
    tslib "^1.9.0"

"@firebase/firestore@^0.1.4":
  version "0.1.4"
  resolved "https://registry.yarnpkg.com/@firebase/firestore/-/firestore-0.1.4.tgz#e8301ddf329a9643219bc4c9cb6e1ae4e0586c27"
  integrity sha512-ltt3zvvZ6LE37oIfVm0zeNA0DPo75YKWkfIyEbFlXDWkeNIt3lunhB4L777weUzZOmcZhX8T6pHx6xZM+ysDkA==
  dependencies:
    "@firebase/webchannel-wrapper" "^0.2.4"

"@firebase/messaging-types@0.1.1":
  version "0.1.1"
  resolved "https://registry.yarnpkg.com/@firebase/messaging-types/-/messaging-types-0.1.1.tgz#66d61d800081b3f7e4d26f1f8523f0a307e37730"
  integrity sha512-MDAB2Il/HhhQnlYvfvqbd7SYFk30wWSLehcp+8LEdRGn1mctQJHQUT3Y1gRChUFbA4a94enGfR5NPOBKbTMbkA==

"@firebase/messaging@^0.1.3":
  version "0.1.9"
  resolved "https://registry.yarnpkg.com/@firebase/messaging/-/messaging-0.1.9.tgz#0b231da9d5b89c9d1a176ee532dda164fe59c263"
  integrity sha512-fJ8heEhz4Cdbyx1DeZQzNPEAlxrSsFlGKAR4zK7vpwv3cTCgufbsK1jCCLdVonYWF/Jv6G61r3kJyVF02OuW1A==
  dependencies:
    "@firebase/messaging-types" "0.1.1"
    "@firebase/util" "0.1.8"

"@firebase/polyfill@^0.1.2":
  version "0.1.6"
  resolved "https://registry.yarnpkg.com/@firebase/polyfill/-/polyfill-0.1.6.tgz#9907b1bac948651777465d597f7bd324c86f6dbe"
  integrity sha512-O58NFa/x+8peu6zZUAFKAZildlOTStIPtDClPKOeX8OIS20OH+JbMalTZ6pKqUqRbGGA52/6Ta8epgvN99+HRA==
  dependencies:
    promise-polyfill "^7.1.0"
    tslib "^1.9.0"

"@firebase/storage-types@0.1.2":
  version "0.1.2"
  resolved "https://registry.yarnpkg.com/@firebase/storage-types/-/storage-types-0.1.2.tgz#682a60117ff51ab861830727fb7b52f7998701fd"
  integrity sha512-/nL93m2lIqzx4FajVnskn2YTDEj0ym53LCZegZpAPxm4GIkOQ8UhzzfHFfHJJCygb58xRszDkDuRlpJlakO4pA==

"@firebase/storage@^0.1.2":
  version "0.1.8"
  resolved "https://registry.yarnpkg.com/@firebase/storage/-/storage-0.1.8.tgz#81a71de873130184446f07c813f882fd168cd524"
  integrity sha512-g0xYwJbgOuAaAJy5iAoEymS77m3oVqFh9IAF3A4LvqOC9q3v3ubSSYjpNHRPZstO68pMDKsNrqb2TcJgx92kSA==
  dependencies:
    "@firebase/storage-types" "0.1.2"
    tslib "^1.9.0"

"@firebase/util@0.1.10":
  version "0.1.10"
  resolved "https://registry.yarnpkg.com/@firebase/util/-/util-0.1.10.tgz#7898f6e36c8231c287c4024c313000df677b1363"
  integrity sha512-XEogRfUQBZ4T37TMq/3ZbuiTdRAKX8hF3TgJglUZNCJf/6QnQ+jlupCuMAXBqCGfw2Mw0m2matoCUBWpsyevOA==
  dependencies:
    tslib "^1.9.0"

"@firebase/util@0.1.8":
  version "0.1.8"
  resolved "https://registry.yarnpkg.com/@firebase/util/-/util-0.1.8.tgz#7a7eb9d5fc56ba9e9b854bb2357d51f83b07df31"
  integrity sha512-SfWLSfp1MXb5ItG3wGfdxxIDzFMcjq2E0iz9C7sstzD3mJ8/q55Sd8esAL3VQx5jD/hbfKUypsBczr5A0ML7Tw==

"@firebase/webchannel-wrapper@^0.2.4":
  version "0.2.6"
  resolved "https://registry.yarnpkg.com/@firebase/webchannel-wrapper/-/webchannel-wrapper-0.2.6.tgz#a4b81ca8cdeb1acbc7923289a4a514f61b59db86"
  integrity sha512-Uv9ieuHVogIOOzpGmdjV3/0asMJPdssq2vrOYJ/UTlvekT6aGdv+sx2WWvIrGRWfFxWIkOxCqpqaGMYbhc88Pg==

"@vitejs/plugin-vue@^1.2.2":
  version "1.2.2"
  resolved "https://registry.yarnpkg.com/@vitejs/plugin-vue/-/plugin-vue-1.2.2.tgz#b0038fc11b9099f4cd01fcbf0ee419adda417b52"
  integrity sha512-5BI2WFfs/Z0pAV4S/IQf1oH3bmFYlL5ATMBHgTt1Lf7hAnfpNd5oUAAs6hZPfk3QhvyUQgtk0rJBlabwNFcBJQ==

"@vue/compiler-core@3.0.11":
  version "3.0.11"
  resolved "https://registry.yarnpkg.com/@vue/compiler-core/-/compiler-core-3.0.11.tgz#5ef579e46d7b336b8735228758d1c2c505aae69a"
  integrity sha512-6sFj6TBac1y2cWCvYCA8YzHJEbsVkX7zdRs/3yK/n1ilvRqcn983XvpBbnN3v4mZ1UiQycTvOiajJmOgN9EVgw==
  dependencies:
    "@babel/parser" "^7.12.0"
    "@babel/types" "^7.12.0"
    "@vue/shared" "3.0.11"
    estree-walker "^2.0.1"
    source-map "^0.6.1"

"@vue/compiler-dom@3.0.11":
  version "3.0.11"
  resolved "https://registry.yarnpkg.com/@vue/compiler-dom/-/compiler-dom-3.0.11.tgz#b15fc1c909371fd671746020ba55b5dab4a730ee"
  integrity sha512-+3xB50uGeY5Fv9eMKVJs2WSRULfgwaTJsy23OIltKgMrynnIj8hTYY2UL97HCoz78aDw1VDXdrBQ4qepWjnQcw==
  dependencies:
    "@vue/compiler-core" "3.0.11"
    "@vue/shared" "3.0.11"

"@vue/compiler-sfc@^3.0.11":
  version "3.0.11"
  resolved "https://registry.yarnpkg.com/@vue/compiler-sfc/-/compiler-sfc-3.0.11.tgz#cd8ca2154b88967b521f5ad3b10f5f8b6b665679"
  integrity sha512-7fNiZuCecRleiyVGUWNa6pn8fB2fnuJU+3AGjbjl7r1P5wBivfl02H4pG+2aJP5gh2u+0wXov1W38tfWOphsXw==
  dependencies:
    "@babel/parser" "^7.13.9"
    "@babel/types" "^7.13.0"
    "@vue/compiler-core" "3.0.11"
    "@vue/compiler-dom" "3.0.11"
    "@vue/compiler-ssr" "3.0.11"
    "@vue/shared" "3.0.11"
    consolidate "^0.16.0"
    estree-walker "^2.0.1"
    hash-sum "^2.0.0"
    lru-cache "^5.1.1"
    magic-string "^0.25.7"
    merge-source-map "^1.1.0"
    postcss "^8.1.10"
    postcss-modules "^4.0.0"
    postcss-selector-parser "^6.0.4"
    source-map "^0.6.1"

"@vue/compiler-ssr@3.0.11":
  version "3.0.11"
  resolved "https://registry.yarnpkg.com/@vue/compiler-ssr/-/compiler-ssr-3.0.11.tgz#ac5a05fd1257412fa66079c823d8203b6a889a13"
  integrity sha512-66yUGI8SGOpNvOcrQybRIhl2M03PJ+OrDPm78i7tvVln86MHTKhM3ERbALK26F7tXl0RkjX4sZpucCpiKs3MnA==
  dependencies:
    "@vue/compiler-dom" "3.0.11"
    "@vue/shared" "3.0.11"

"@vue/reactivity@3.0.11":
  version "3.0.11"
  resolved "https://registry.yarnpkg.com/@vue/reactivity/-/reactivity-3.0.11.tgz#07b588349fd05626b17f3500cbef7d4bdb4dbd0b"
  integrity sha512-SKM3YKxtXHBPMf7yufXeBhCZ4XZDKP9/iXeQSC8bBO3ivBuzAi4aZi0bNoeE2IF2iGfP/AHEt1OU4ARj4ao/Xw==
  dependencies:
    "@vue/shared" "3.0.11"

"@vue/runtime-core@3.0.11":
  version "3.0.11"
  resolved "https://registry.yarnpkg.com/@vue/runtime-core/-/runtime-core-3.0.11.tgz#c52dfc6acf3215493623552c1c2919080c562e44"
  integrity sha512-87XPNwHfz9JkmOlayBeCCfMh9PT2NBnv795DSbi//C/RaAnc/bGZgECjmkD7oXJ526BZbgk9QZBPdFT8KMxkAg==
  dependencies:
    "@vue/reactivity" "3.0.11"
    "@vue/shared" "3.0.11"

"@vue/runtime-dom@3.0.11":
  version "3.0.11"
  resolved "https://registry.yarnpkg.com/@vue/runtime-dom/-/runtime-dom-3.0.11.tgz#7a552df21907942721feb6961c418e222a699337"
  integrity sha512-jm3FVQESY3y2hKZ2wlkcmFDDyqaPyU3p1IdAX92zTNeCH7I8zZ37PtlE1b9NlCtzV53WjB4TZAYh9yDCMIEumA==
  dependencies:
    "@vue/runtime-core" "3.0.11"
    "@vue/shared" "3.0.11"
    csstype "^2.6.8"

"@vue/shared@3.0.11":
  version "3.0.11"
  resolved "https://registry.yarnpkg.com/@vue/shared/-/shared-3.0.11.tgz#20d22dd0da7d358bb21c17f9bde8628152642c77"
  integrity sha512-b+zB8A2so8eCE0JsxjL24J7vdGl8rzPQ09hZNhystm+KqSbKcAej1A+Hbva1rCMmTTqA+hFnUSDc5kouEo0JzA==

atob@^2.1.2:
  version "2.1.2"
  resolved "https://registry.yarnpkg.com/atob/-/atob-2.1.2.tgz#6d9517eb9e030d2436666651e86bd9f6f13533c9"
  integrity sha512-Wm6ukoaOGJi/73p/cl2GvLjTI5JM1k/O14isD73YML8StrH/7/lRFgmg8nICZgD3bZZvjwCGxtMOD3wWNAu8cg==

balanced-match@^1.0.0:
  version "1.0.0"
  resolved "https://registry.yarnpkg.com/balanced-match/-/balanced-match-1.0.0.tgz#89b4d199ab2bee49de164ea02b89ce462d71b767"
  integrity sha1-ibTRmasr7kneFk6gK4nORi1xt2c=

big.js@^5.2.2:
  version "5.2.2"
  resolved "https://registry.yarnpkg.com/big.js/-/big.js-5.2.2.tgz#65f0af382f578bcdc742bd9c281e9cb2d7768328"
  integrity sha512-vyL2OymJxmarO8gxMr0mhChsO9QGwhynfuu4+MHTAW6czfq9humCB7rKpUjDd9YUiDPU4mzpyupFSvOClAwbmQ==

bluebird@^3.7.2:
  version "3.7.2"
  resolved "https://registry.yarnpkg.com/bluebird/-/bluebird-3.7.2.tgz#9f229c15be272454ffa973ace0dbee79a1b0c36f"
  integrity sha512-XpNj6GDQzdfW+r2Wnn7xiSAd7TM3jzkxGXBGTtWKuSXv1xUV+azxAm8jdWZN06QTQk+2N2XB9jRDkvbmQmcRtg==

brace-expansion@^1.1.7:
  version "1.1.11"
  resolved "https://registry.yarnpkg.com/brace-expansion/-/brace-expansion-1.1.11.tgz#3c7fcbf529d87226f3d2f52b966ff5271eb441dd"
  integrity sha512-iCuPHDFgrHX7H2vEI/5xpz07zSHB00TpugqhmYtVmMO6518mCuRMoOYFldEBl0g187ufozdaHgWKcYFb61qGiA==
  dependencies:
    balanced-match "^1.0.0"
    concat-map "0.0.1"

colorette@^1.2.2:
  version "1.2.2"
  resolved "https://registry.yarnpkg.com/colorette/-/colorette-1.2.2.tgz#cbcc79d5e99caea2dbf10eb3a26fd8b3e6acfa94"
  integrity sha512-MKGMzyfeuutC/ZJ1cba9NqcNpfeqMUcYmyF1ZFY6/Cn7CNSAKx6a+s48sqLqyAiZuaP2TcqMhoo+dlwFnVxT9w==

concat-map@0.0.1:
  version "0.0.1"
  resolved "https://registry.yarnpkg.com/concat-map/-/concat-map-0.0.1.tgz#d8a96bd77fd68df7793a73036a3ba0d5405d477b"
  integrity sha1-2Klr13/Wjfd5OnMDajug1UBdR3s=

consolidate@^0.16.0:
  version "0.16.0"
  resolved "https://registry.yarnpkg.com/consolidate/-/consolidate-0.16.0.tgz#a11864768930f2f19431660a65906668f5fbdc16"
  integrity sha512-Nhl1wzCslqXYTJVDyJCu3ODohy9OfBMB5uD2BiBTzd7w+QY0lBzafkR8y8755yMYHAaMD4NuzbAw03/xzfw+eQ==
  dependencies:
    bluebird "^3.7.2"

css-parse@~2.0.0:
  version "2.0.0"
  resolved "https://registry.yarnpkg.com/css-parse/-/css-parse-2.0.0.tgz#a468ee667c16d81ccf05c58c38d2a97c780dbfd4"
  integrity sha1-pGjuZnwW2BzPBcWMONKpfHgNv9Q=
  dependencies:
    css "^2.0.0"

css@^2.0.0:
  version "2.2.4"
  resolved "https://registry.yarnpkg.com/css/-/css-2.2.4.tgz#c646755c73971f2bba6a601e2cf2fd71b1298929"
  integrity sha512-oUnjmWpy0niI3x/mPL8dVEI1l7MnG3+HHyRPHf+YFSbK+svOhXpmSOcDURUh2aOCgl2grzrOPt1nHLuCVFULLw==
  dependencies:
    inherits "^2.0.3"
    source-map "^0.6.1"
    source-map-resolve "^0.5.2"
    urix "^0.1.0"

cssesc@^3.0.0:
  version "3.0.0"
  resolved "https://registry.yarnpkg.com/cssesc/-/cssesc-3.0.0.tgz#37741919903b868565e1c09ea747445cd18983ee"
  integrity sha512-/Tb/JcjK111nNScGob5MNtsntNM1aCNUDipB/TkwZFhyDrrE47SOx/18wF2bbjgc3ZzCSKW1T5nt5EbFoAz/Vg==

csstype@^2.6.8:
  version "2.6.17"
  resolved "https://registry.yarnpkg.com/csstype/-/csstype-2.6.17.tgz#4cf30eb87e1d1a005d8b6510f95292413f6a1c0e"
  integrity sha512-u1wmTI1jJGzCJzWndZo8mk4wnPTZd1eOIYTYvuEyOQGfmDl3TrabCCfKnOC86FZwW/9djqTl933UF/cS425i9A==

debug@~3.1.0:
  version "3.1.0"
  resolved "https://registry.yarnpkg.com/debug/-/debug-3.1.0.tgz#5bb5a0672628b64149566ba16819e61518c67261"
  integrity sha512-OX8XqP7/1a9cqkxYw2yXss15f26NKWBpDXQd0/uK/KPqdQhxbPa994hnzjcE2VqQpDslf55723cKPUOGSmMY3g==
  dependencies:
    ms "2.0.0"

decode-uri-component@^0.2.0:
  version "0.2.0"
  resolved "https://registry.yarnpkg.com/decode-uri-component/-/decode-uri-component-0.2.0.tgz#eb3913333458775cb84cd1a1fae062106bb87545"
  integrity sha1-6zkTMzRYd1y4TNGh+uBiEGu4dUU=

dom-storage@^2.0.2:
  version "2.0.2"
  resolved "https://registry.yarnpkg.com/dom-storage/-/dom-storage-2.0.2.tgz#ed17cbf68abd10e0aef8182713e297c5e4b500b0"
  integrity sha1-7RfL9oq9EOCu+BgnE+KXxeS1ALA=

emojis-list@^3.0.0:
  version "3.0.0"
  resolved "https://registry.yarnpkg.com/emojis-list/-/emojis-list-3.0.0.tgz#5570662046ad29e2e916e71aae260abdff4f6a78"
  integrity sha512-/kyM18EfinwXZbno9FyUGeFh87KC8HRQBQGildHZbEuRyWFOmv1U10o9BBp8XVZDVNNuQKyIGIu5ZYAAXJ0V2Q==

esbuild@^0.9.3:
  version "0.9.7"
  resolved "https://registry.yarnpkg.com/esbuild/-/esbuild-0.9.7.tgz#ea0d639cbe4b88ec25fbed4d6ff00c8d788ef70b"
  integrity sha512-VtUf6aQ89VTmMLKrWHYG50uByMF4JQlVysb8dmg6cOgW8JnFCipmz7p+HNBl+RR3LLCuBxFGVauAe2wfnF9bLg==

estree-walker@^2.0.1:
  version "2.0.2"
  resolved "https://registry.yarnpkg.com/estree-walker/-/estree-walker-2.0.2.tgz#52f010178c2a4c117a7757cfe942adb7d2da4cac"
  integrity sha512-Rfkk/Mp/DL7JVje3u18FxFujQlTNR2q6QfMSMB7AvCBx91NGj/ba3kCfza0f6dVDbw7YlRf/nDrn7pQrCCyQ/w==

faye-websocket@0.11.1:
  version "0.11.1"
  resolved "https://registry.yarnpkg.com/faye-websocket/-/faye-websocket-0.11.1.tgz#f0efe18c4f56e4f40afc7e06c719fd5ee6188f38"
  integrity sha1-8O/hjE9W5PQK/H4Gxxn9XuYYjzg=
  dependencies:
    websocket-driver ">=0.5.1"

firebase@4.6.2:
  version "4.6.2"
  resolved "https://registry.yarnpkg.com/firebase/-/firebase-4.6.2.tgz#d4d983d975b98ee27588b25791238a1a1e01a71d"
  integrity sha512-qI4qWZNO4/tS05goNaLYaxFd2/GgWVONPcqq+H1YyLi0ybWfF7oEVhw1dz8SY+7Xc5wc3S4jGSMi3apgINz1Zg==
  dependencies:
    "@firebase/app" "^0.1.2"
    "@firebase/auth" "^0.2.2"
    "@firebase/database" "^0.1.3"
    "@firebase/firestore" "^0.1.4"
    "@firebase/messaging" "^0.1.3"
    "@firebase/polyfill" "^0.1.2"
    "@firebase/storage" "^0.1.2"
    dom-storage "^2.0.2"
    xmlhttprequest "^1.8.0"

fs.realpath@^1.0.0:
  version "1.0.0"
  resolved "https://registry.yarnpkg.com/fs.realpath/-/fs.realpath-1.0.0.tgz#1504ad2523158caa40db4a2787cb01411994ea4f"
  integrity sha1-FQStJSMVjKpA20onh8sBQRmU6k8=

fsevents@~2.3.1:
  version "2.3.2"
  resolved "https://registry.yarnpkg.com/fsevents/-/fsevents-2.3.2.tgz#8a526f78b8fdf4623b709e0b975c52c24c02fd1a"
  integrity sha512-xiqMQR4xAeHTuB9uWm+fFRcIOgKBMiOBP+eXiyT7jsgVCq1bkVygt00oASowB7EdtpOHaaPgKt812P9ab+DDKA==

function-bind@^1.1.1:
  version "1.1.1"
  resolved "https://registry.yarnpkg.com/function-bind/-/function-bind-1.1.1.tgz#a56899d3ea3c9bab874bb9773b7c5ede92f4895d"
  integrity sha512-yIovAzMX49sF8Yl58fSCWJ5svSLuaibPxXQJFLmBObTuCr0Mf1KiPopGM9NiFjiYBCbfaa2Fh6breQ6ANVTI0A==

generic-names@^2.0.1:
  version "2.0.1"
  resolved "https://registry.yarnpkg.com/generic-names/-/generic-names-2.0.1.tgz#f8a378ead2ccaa7a34f0317b05554832ae41b872"
  integrity sha512-kPCHWa1m9wGG/OwQpeweTwM/PYiQLrUIxXbt/P4Nic3LbGjCP0YwrALHW1uNLKZ0LIMg+RF+XRlj2ekT9ZlZAQ==
  dependencies:
    loader-utils "^1.1.0"

glob@^7.1.6:
  version "7.1.6"
  resolved "https://registry.yarnpkg.com/glob/-/glob-7.1.6.tgz#141f33b81a7c2492e125594307480c46679278a6"
  integrity sha512-LwaxwyZ72Lk7vZINtNNrywX0ZuLyStrdDtabefZKAY5ZGJhVtgdznluResxNmPitE0SAO+O26sWTHeKSI2wMBA==
  dependencies:
    fs.realpath "^1.0.0"
    inflight "^1.0.4"
    inherits "2"
    minimatch "^3.0.4"
    once "^1.3.0"
    path-is-absolute "^1.0.0"

has@^1.0.3:
  version "1.0.3"
  resolved "https://registry.yarnpkg.com/has/-/has-1.0.3.tgz#722d7cbfc1f6aa8241f16dd814e011e1f41e8796"
  integrity sha512-f2dvO0VU6Oej7RkWJGrehjbzMAjFp5/VKPp5tTpWIV4JHHZK1/BxbFRtf/siA2SWTe09caDmVtYYzWEIbBS4zw==
  dependencies:
    function-bind "^1.1.1"

hash-sum@^2.0.0:
  version "2.0.0"
  resolved "https://registry.yarnpkg.com/hash-sum/-/hash-sum-2.0.0.tgz#81d01bb5de8ea4a214ad5d6ead1b523460b0b45a"
  integrity sha512-WdZTbAByD+pHfl/g9QSsBIIwy8IT+EsPiKDs0KNX+zSHhdDLFKdZu0BQHljvO+0QI/BasbMSUa8wYNCZTvhslg==

http-parser-js@>=0.4.0:
  version "0.4.11"
  resolved "https://registry.yarnpkg.com/http-parser-js/-/http-parser-js-0.4.11.tgz#5b720849c650903c27e521633d94696ee95f3529"
  integrity sha512-QCR5O2AjjMW8Mo4HyI1ctFcv+O99j/0g367V3YoVnrNw5hkDvAWZD0lWGcc+F4yN3V55USPCVix4efb75HxFfA==

icss-replace-symbols@^1.1.0:
  version "1.1.0"
  resolved "https://registry.yarnpkg.com/icss-replace-symbols/-/icss-replace-symbols-1.1.0.tgz#06ea6f83679a7749e386cfe1fe812ae5db223ded"
  integrity sha1-Bupvg2ead0njhs/h/oEq5dsiPe0=

icss-utils@^5.0.0:
  version "5.1.0"
  resolved "https://registry.yarnpkg.com/icss-utils/-/icss-utils-5.1.0.tgz#c6be6858abd013d768e98366ae47e25d5887b1ae"
  integrity sha512-soFhflCVWLfRNOPU3iv5Z9VUdT44xFRbzjLsEzSr5AQmgqPMTHdU3PMT1Cf1ssx8fLNJDA1juftYl+PUcv3MqA==

inflight@^1.0.4:
  version "1.0.6"
  resolved "https://registry.yarnpkg.com/inflight/-/inflight-1.0.6.tgz#49bd6331d7d02d0c09bc910a1075ba8165b56df9"
  integrity sha1-Sb1jMdfQLQwJvJEKEHW6gWW1bfk=
  dependencies:
    once "^1.3.0"
    wrappy "1"

inherits@2, inherits@^2.0.3:
  version "2.0.3"
  resolved "https://registry.yarnpkg.com/inherits/-/inherits-2.0.3.tgz#633c2c83e3da42a502f52466022480f4208261de"
  integrity sha1-Yzwsg+PaQqUC9SRmAiSA9CCCYd4=

is-core-module@^2.2.0:
  version "2.3.0"
  resolved "https://registry.yarnpkg.com/is-core-module/-/is-core-module-2.3.0.tgz#d341652e3408bca69c4671b79a0954a3d349f887"
  integrity sha512-xSphU2KG9867tsYdLD4RWQ1VqdFl4HTO9Thf3I/3dLEfr0dbPTWKsuCKrgqMljg4nPE+Gq0VCnzT3gr0CyBmsw==
  dependencies:
    has "^1.0.3"

json5@^1.0.1:
  version "1.0.1"
  resolved "https://registry.yarnpkg.com/json5/-/json5-1.0.1.tgz#779fb0018604fa854eacbf6252180d83543e3dbe"
  integrity sha512-aKS4WQjPenRxiQsC93MNfjx+nbF4PAdYzmd/1JIj8HYzqfbu86beTuNgXDzPknWk0n0uARlyewZo4s++ES36Ow==
  dependencies:
    minimist "^1.2.0"

loader-utils@^1.1.0:
  version "1.4.0"
  resolved "https://registry.yarnpkg.com/loader-utils/-/loader-utils-1.4.0.tgz#c579b5e34cb34b1a74edc6c1fb36bfa371d5a613"
  integrity sha512-qH0WSMBtn/oHuwjy/NucEgbx5dbxxnxup9s4PVXJUDHZBQY+s0NWA9rJf53RBnQZxfch7euUui7hpoAPvALZdA==
  dependencies:
    big.js "^5.2.2"
    emojis-list "^3.0.0"
    json5 "^1.0.1"

lodash.camelcase@^4.3.0:
  version "4.3.0"
  resolved "https://registry.yarnpkg.com/lodash.camelcase/-/lodash.camelcase-4.3.0.tgz#b28aa6288a2b9fc651035c7711f65ab6190331a6"
  integrity sha1-soqmKIorn8ZRA1x3EfZathkDMaY=

lru-cache@^5.1.1:
  version "5.1.1"
  resolved "https://registry.yarnpkg.com/lru-cache/-/lru-cache-5.1.1.tgz#1da27e6710271947695daf6848e847f01d84b920"
  integrity sha512-KpNARQA3Iwv+jTA0utUVVbrh+Jlrr1Fv0e56GGzAFOXN7dk/FviaDW8LHmK52DlcH4WP2n6gI8vN1aesBFgo9w==
  dependencies:
    yallist "^3.0.2"

magic-string@^0.25.7:
  version "0.25.7"
  resolved "https://registry.yarnpkg.com/magic-string/-/magic-string-0.25.7.tgz#3f497d6fd34c669c6798dcb821f2ef31f5445051"
  integrity sha512-4CrMT5DOHTDk4HYDlzmwu4FVCcIYI8gauveasrdCu2IKIFOJ3f0v/8MDGJCDL9oD2ppz/Av1b0Nj345H9M+XIA==
  dependencies:
    sourcemap-codec "^1.4.4"

merge-source-map@^1.1.0:
  version "1.1.0"
  resolved "https://registry.yarnpkg.com/merge-source-map/-/merge-source-map-1.1.0.tgz#2fdde7e6020939f70906a68f2d7ae685e4c8c646"
  integrity sha512-Qkcp7P2ygktpMPh2mCQZaf3jhN6D3Z/qVZHSdWvQ+2Ef5HgRAPBO57A77+ENm0CPx2+1Ce/MYKi3ymqdfuqibw==
  dependencies:
    source-map "^0.6.1"

minimatch@^3.0.4:
  version "3.0.4"
  resolved "https://registry.yarnpkg.com/minimatch/-/minimatch-3.0.4.tgz#5166e286457f03306064be5497e8dbb0c3d32083"
  integrity sha512-yJHVQEhyqPLUTgt9B83PXu6W3rx4MvvHvSUvToogpwoGDOUQ+yDrR0HRot+yOCdCO7u4hX3pWft6kWBBcqh0UA==
  dependencies:
    brace-expansion "^1.1.7"

minimist@^1.2.0:
  version "1.2.5"
  resolved "https://registry.yarnpkg.com/minimist/-/minimist-1.2.5.tgz#67d66014b66a6a8aaa0c083c5fd58df4e4e97602"
  integrity sha512-FM9nNUYrRBAELZQT3xeZQ7fmMOBg6nWNmJKTcgsJeaLstP/UODVpGsr5OhXhhXg6f+qtJ8uiZ+PUxkDWcgIXLw==

mkdirp@~1.0.4:
  version "1.0.4"
  resolved "https://registry.yarnpkg.com/mkdirp/-/mkdirp-1.0.4.tgz#3eb5ed62622756d79a5f0e2a221dfebad75c2f7e"
  integrity sha512-vVqVZQyf3WLx2Shd0qJ9xuvqgAyKPLAiqITEtqW0oIUjzo3PePDd6fW9iFz30ef7Ysp/oiWqbhszeGWW2T6Gzw==

ms@2.0.0:
  version "2.0.0"
  resolved "https://registry.yarnpkg.com/ms/-/ms-2.0.0.tgz#5608aeadfc00be6c2901df5f9861788de0d597c8"
  integrity sha1-VgiurfwAvmwpAd9fmGF4jeDVl8g=

nanoid@^3.1.22:
  version "3.1.22"
  resolved "https://registry.yarnpkg.com/nanoid/-/nanoid-3.1.22.tgz#b35f8fb7d151990a8aebd5aa5015c03cf726f844"
  integrity sha512-/2ZUaJX2ANuLtTvqTlgqBQNJoQO398KyJgZloL0PZkC0dpysjncRUPsFe3DUPzz/y3h+u7C46np8RMuvF3jsSQ==

once@^1.3.0:
  version "1.4.0"
  resolved "https://registry.yarnpkg.com/once/-/once-1.4.0.tgz#583b1aa775961d4b113ac17d9c50baef9dd76bd1"
  integrity sha1-WDsap3WWHUsROsF9nFC6753Xa9E=
  dependencies:
    wrappy "1"

path-is-absolute@^1.0.0:
  version "1.0.1"
  resolved "https://registry.yarnpkg.com/path-is-absolute/-/path-is-absolute-1.0.1.tgz#174b9268735534ffbc7ace6bf53a5a9e1b5c5f5f"
  integrity sha1-F0uSaHNVNP+8es5r9TpanhtcX18=

path-parse@^1.0.6:
  version "1.0.6"
  resolved "https://registry.yarnpkg.com/path-parse/-/path-parse-1.0.6.tgz#d62dbb5679405d72c4737ec58600e9ddcf06d24c"
  integrity sha512-GSmOT2EbHrINBf9SR7CDELwlJ8AENk3Qn7OikK4nFYAu3Ote2+JYNVvkpAEQm3/TLNEJFD/xZJjzyxg3KBWOzw==

postcss-modules-extract-imports@^3.0.0:
  version "3.0.0"
  resolved "https://registry.yarnpkg.com/postcss-modules-extract-imports/-/postcss-modules-extract-imports-3.0.0.tgz#cda1f047c0ae80c97dbe28c3e76a43b88025741d"
  integrity sha512-bdHleFnP3kZ4NYDhuGlVK+CMrQ/pqUm8bx/oGL93K6gVwiclvX5x0n76fYMKuIGKzlABOy13zsvqjb0f92TEXw==

postcss-modules-local-by-default@^4.0.0:
  version "4.0.0"
  resolved "https://registry.yarnpkg.com/postcss-modules-local-by-default/-/postcss-modules-local-by-default-4.0.0.tgz#ebbb54fae1598eecfdf691a02b3ff3b390a5a51c"
  integrity sha512-sT7ihtmGSF9yhm6ggikHdV0hlziDTX7oFoXtuVWeDd3hHObNkcHRo9V3yg7vCAY7cONyxJC/XXCmmiHHcvX7bQ==
  dependencies:
    icss-utils "^5.0.0"
    postcss-selector-parser "^6.0.2"
    postcss-value-parser "^4.1.0"

postcss-modules-scope@^3.0.0:
  version "3.0.0"
  resolved "https://registry.yarnpkg.com/postcss-modules-scope/-/postcss-modules-scope-3.0.0.tgz#9ef3151456d3bbfa120ca44898dfca6f2fa01f06"
  integrity sha512-hncihwFA2yPath8oZ15PZqvWGkWf+XUfQgUGamS4LqoP1anQLOsOJw0vr7J7IwLpoY9fatA2qiGUGmuZL0Iqlg==
  dependencies:
    postcss-selector-parser "^6.0.4"

postcss-modules-values@^4.0.0:
  version "4.0.0"
  resolved "https://registry.yarnpkg.com/postcss-modules-values/-/postcss-modules-values-4.0.0.tgz#d7c5e7e68c3bb3c9b27cbf48ca0bb3ffb4602c9c"
  integrity sha512-RDxHkAiEGI78gS2ofyvCsu7iycRv7oqw5xMWn9iMoR0N/7mf9D50ecQqUo5BZ9Zh2vH4bCUR/ktCqbB9m8vJjQ==
  dependencies:
    icss-utils "^5.0.0"

postcss-modules@^4.0.0:
  version "4.0.0"
  resolved "https://registry.yarnpkg.com/postcss-modules/-/postcss-modules-4.0.0.tgz#2bc7f276ab88f3f1b0fadf6cbd7772d43b5f3b9b"
  integrity sha512-ghS/ovDzDqARm4Zj6L2ntadjyQMoyJmi0JkLlYtH2QFLrvNlxH5OAVRPWPeKilB0pY7SbuhO173KOWkPAxRJcw==
  dependencies:
    generic-names "^2.0.1"
    icss-replace-symbols "^1.1.0"
    lodash.camelcase "^4.3.0"
    postcss-modules-extract-imports "^3.0.0"
    postcss-modules-local-by-default "^4.0.0"
    postcss-modules-scope "^3.0.0"
    postcss-modules-values "^4.0.0"
    string-hash "^1.1.1"

postcss-selector-parser@^6.0.2, postcss-selector-parser@^6.0.4:
  version "6.0.5"
  resolved "https://registry.yarnpkg.com/postcss-selector-parser/-/postcss-selector-parser-6.0.5.tgz#042d74e137db83e6f294712096cb413f5aa612c4"
  integrity sha512-aFYPoYmXbZ1V6HZaSvat08M97A8HqO6Pjz+PiNpw/DhuRrC72XWAdp3hL6wusDCN31sSmcZyMGa2hZEuX+Xfhg==
  dependencies:
    cssesc "^3.0.0"
    util-deprecate "^1.0.2"

postcss-value-parser@^4.1.0:
  version "4.1.0"
  resolved "https://registry.yarnpkg.com/postcss-value-parser/-/postcss-value-parser-4.1.0.tgz#443f6a20ced6481a2bda4fa8532a6e55d789a2cb"
  integrity sha512-97DXOFbQJhk71ne5/Mt6cOu6yxsSfM0QGQyl0L25Gca4yGWEGJaig7l7gbCX623VqTBNGLRLaVUCnNkcedlRSQ==

postcss@^8.1.10, postcss@^8.2.1:
  version "8.2.13"
  resolved "https://registry.yarnpkg.com/postcss/-/postcss-8.2.13.tgz#dbe043e26e3c068e45113b1ed6375d2d37e2129f"
  integrity sha512-FCE5xLH+hjbzRdpbRb1IMCvPv9yZx2QnDarBEYSN0N0HYk+TcXsEhwdFcFb+SRWOKzKGErhIEbBK2ogyLdTtfQ==
  dependencies:
    colorette "^1.2.2"
    nanoid "^3.1.22"
    source-map "^0.6.1"

promise-polyfill@^7.1.0:
  version "7.1.0"
  resolved "https://registry.yarnpkg.com/promise-polyfill/-/promise-polyfill-7.1.0.tgz#4d749485b44577c14137591c6f36e5d7e2dd3378"
  integrity sha512-P6NJ2wU/8fac44ENORsuqT8TiolKGB2u0fEClPtXezn7w5cmLIjM/7mhPlTebke2EPr6tmqZbXvnX0TxwykGrg==

resolve-url@^0.2.1:
  version "0.2.1"
  resolved "https://registry.yarnpkg.com/resolve-url/-/resolve-url-0.2.1.tgz#2c637fe77c893afd2a663fe21aa9080068e2052a"
  integrity sha1-LGN/53yJOv0qZj/iGqkIAGjiBSo=

resolve@^1.19.0:
  version "1.20.0"
  resolved "https://registry.yarnpkg.com/resolve/-/resolve-1.20.0.tgz#629a013fb3f70755d6f0b7935cc1c2c5378b1975"
  integrity sha512-wENBPt4ySzg4ybFQW2TT1zMQucPK95HSh/nq2CFTZVOGut2+pQvSsgtda4d26YrYcr067wjbmzOG8byDPBX63A==
  dependencies:
    is-core-module "^2.2.0"
    path-parse "^1.0.6"

rollup@^2.38.5:
  version "2.47.0"
  resolved "https://registry.yarnpkg.com/rollup/-/rollup-2.47.0.tgz#9d958aeb2c0f6a383cacc0401dff02b6e252664d"
  integrity sha512-rqBjgq9hQfW0vRmz+0S062ORRNJXvwRpzxhFXORvar/maZqY6za3rgQ/p1Glg+j1hnc1GtYyQCPiAei95uTElg==
  optionalDependencies:
    fsevents "~2.3.1"

safer-buffer@^2.1.2:
  version "2.1.2"
  resolved "https://registry.yarnpkg.com/safer-buffer/-/safer-buffer-2.1.2.tgz#44fa161b0187b9549dd84bb91802f9bd8385cd6a"
  integrity sha512-YZo3K82SD7Riyi0E1EQPojLz7kpepnSQI9IyPbHHg1XXXevb5dJI7tpyN2ADxGcQbHG7vcyRHk0cbwqcQriUtg==

sax@~1.2.4:
  version "1.2.4"
  resolved "https://registry.yarnpkg.com/sax/-/sax-1.2.4.tgz#2816234e2378bddc4e5354fab5caa895df7100d9"
  integrity sha512-NqVDv9TpANUjFm0N8uM5GxL36UgKi9/atZw+x7YFnQ8ckwFGKrl4xX4yWtrey3UJm5nP1kUbnYgLopqWNSRhWw==

semver@^6.3.0:
  version "6.3.0"
  resolved "https://registry.yarnpkg.com/semver/-/semver-6.3.0.tgz#ee0a64c8af5e8ceea67687b133761e1becbd1d3d"
  integrity sha512-b39TBaTSfV6yBrapU89p5fKekE2m/NwnDocOVruQFS1/veMgdzuPcnOM34M6CwxW8jH/lxEa5rBoDeUwu5HHTw==

source-map-resolve@^0.5.2:
  version "0.5.3"
  resolved "https://registry.yarnpkg.com/source-map-resolve/-/source-map-resolve-0.5.3.tgz#190866bece7553e1f8f267a2ee82c606b5509a1a"
  integrity sha512-Htz+RnsXWk5+P2slx5Jh3Q66vhQj1Cllm0zvnaY98+NFx+Dv2CF/f5O/t8x+KaNdrdIAsruNzoh/KpialbqAnw==
  dependencies:
    atob "^2.1.2"
    decode-uri-component "^0.2.0"
    resolve-url "^0.2.1"
    source-map-url "^0.4.0"
    urix "^0.1.0"

source-map-url@^0.4.0:
  version "0.4.0"
  resolved "https://registry.yarnpkg.com/source-map-url/-/source-map-url-0.4.0.tgz#3e935d7ddd73631b97659956d55128e87b5084a3"
  integrity sha1-PpNdfd1zYxuXZZlW1VEo6HtQhKM=

source-map@^0.6.1:
  version "0.6.1"
  resolved "https://registry.yarnpkg.com/source-map/-/source-map-0.6.1.tgz#74722af32e9614e9c287a8d0bbde48b5e2f1a263"
  integrity sha512-UjgapumWlbMhkBgzT7Ykc5YXUT46F0iKu8SGXq0bcwP5dz/h0Plj6enJqjz1Zbq2l5WaqYnrVbwWOWMyF3F47g==

source-map@^0.7.3:
  version "0.7.3"
  resolved "https://registry.yarnpkg.com/source-map/-/source-map-0.7.3.tgz#5302f8169031735226544092e64981f751750383"
  integrity sha512-CkCj6giN3S+n9qrYiBTX5gystlENnRW5jZeNLHpe6aue+SrHcG5VYwujhW9s4dY31mEGsxBDrHR6oI69fTXsaQ==

sourcemap-codec@^1.4.4:
  version "1.4.8"
  resolved "https://registry.yarnpkg.com/sourcemap-codec/-/sourcemap-codec-1.4.8.tgz#ea804bd94857402e6992d05a38ef1ae35a9ab4c4"
  integrity sha512-9NykojV5Uih4lgo5So5dtw+f0JgJX30KCNI8gwhz2J9A15wD0Ml6tjHKwf6fTSa6fAdVBdZeNOs9eJ71qCk8vA==

string-hash@^1.1.1:
  version "1.1.3"
  resolved "https://registry.yarnpkg.com/string-hash/-/string-hash-1.1.3.tgz#e8aafc0ac1855b4666929ed7dd1275df5d6c811b"
  integrity sha1-6Kr8CsGFW0Zmkp7X3RJ1311sgRs=

stylus@^0.54.8:
  version "0.54.8"
  resolved "https://registry.yarnpkg.com/stylus/-/stylus-0.54.8.tgz#3da3e65966bc567a7b044bfe0eece653e099d147"
  integrity sha512-vr54Or4BZ7pJafo2mpf0ZcwA74rpuYCZbxrHBsH8kbcXOwSfvBFwsRfpGO5OD5fhG5HDCFW737PKaawI7OqEAg==
  dependencies:
    css-parse "~2.0.0"
    debug "~3.1.0"
    glob "^7.1.6"
    mkdirp "~1.0.4"
    safer-buffer "^2.1.2"
    sax "~1.2.4"
    semver "^6.3.0"
    source-map "^0.7.3"

to-fast-properties@^2.0.0:
  version "2.0.0"
  resolved "https://registry.yarnpkg.com/to-fast-properties/-/to-fast-properties-2.0.0.tgz#dc5e698cbd079265bc73e0377681a4e4e83f616e"
  integrity sha1-3F5pjL0HkmW8c+A3doGk5Og/YW4=

tslib@^1.9.0:
  version "1.9.0"
  resolved "https://registry.yarnpkg.com/tslib/-/tslib-1.9.0.tgz#e37a86fda8cbbaf23a057f473c9f4dc64e5fc2e8"
  integrity sha512-f/qGG2tUkrISBlQZEjEqoZ3B2+npJjIf04H1wuAv9iA8i04Icp+61KRXxFdha22670NJopsZCIjhC3SnjPRKrQ==

urix@^0.1.0:
  version "0.1.0"
  resolved "https://registry.yarnpkg.com/urix/-/urix-0.1.0.tgz#da937f7a62e21fec1fd18d49b35c2935067a6c72"
  integrity sha1-2pN/emLiH+wf0Y1Js1wpNQZ6bHI=

util-deprecate@^1.0.2:
  version "1.0.2"
  resolved "https://registry.yarnpkg.com/util-deprecate/-/util-deprecate-1.0.2.tgz#450d4dc9fa70de732762fbd2d4a28981419a0ccf"
  integrity sha1-RQ1Nyfpw3nMnYvvS1KKJgUGaDM8=

vite@^2.2.3:
  version "2.2.4"
  resolved "https://registry.yarnpkg.com/vite/-/vite-2.2.4.tgz#8f9cc85aacab04c850085894b086c8717f12ed16"
  integrity sha512-vnIwSNci+phFMp6krhy+FbYzKL0R67Sdt9mVZ96S27AewrApSJjTqncJcalk8sf60BgcbW4+1C6DFIWkxquO9g==
  dependencies:
    esbuild "^0.9.3"
    postcss "^8.2.1"
    resolve "^1.19.0"
    rollup "^2.38.5"
  optionalDependencies:
    fsevents "~2.3.1"

vue-router@^3.0.0:
  version "3.5.1"
  resolved "https://registry.yarnpkg.com/vue-router/-/vue-router-3.5.1.tgz#edf3cf4907952d1e0583e079237220c5ff6eb6c9"
  integrity sha512-RRQNLT8Mzr8z7eL4p7BtKvRaTSGdCbTy2+Mm5HTJvLGYSSeG9gDzNasJPP/yOYKLy+/cLG/ftrqq5fvkFwBJEw==

vue@^3.0.11:
  version "3.0.11"
  resolved "https://registry.yarnpkg.com/vue/-/vue-3.0.11.tgz#c82f9594cbf4dcc869241d4c8dd3e08d9a8f4b5f"
  integrity sha512-3/eUi4InQz8MPzruHYSTQPxtM3LdZ1/S/BvaU021zBnZi0laRUyH6pfuE4wtUeLvI8wmUNwj5wrZFvbHUXL9dw==
  dependencies:
    "@vue/compiler-dom" "3.0.11"
    "@vue/runtime-dom" "3.0.11"
    "@vue/shared" "3.0.11"

vuex-router-sync@^5.0.0:
  version "5.0.0"
  resolved "https://registry.yarnpkg.com/vuex-router-sync/-/vuex-router-sync-5.0.0.tgz#1a225c17a1dd9e2f74af0a1b2c62072e9492b305"
  integrity sha512-Mry2sO4kiAG64714X1CFpTA/shUH1DmkZ26DFDtwoM/yyx6OtMrc+MxrU+7vvbNLO9LSpgwkiJ8W+rlmRtsM+w==

vuex@^3.0.0:
  version "3.6.2"
  resolved "https://registry.yarnpkg.com/vuex/-/vuex-3.6.2.tgz#236bc086a870c3ae79946f107f16de59d5895e71"
  integrity sha512-ETW44IqCgBpVomy520DT5jf8n0zoCac+sxWnn+hMe/CzaSejb/eVw2YToiXYX+Ex/AuHHia28vWTq4goAexFbw==

websocket-driver@>=0.5.1:
  version "0.7.0"
  resolved "https://registry.yarnpkg.com/websocket-driver/-/websocket-driver-0.7.0.tgz#0caf9d2d755d93aee049d4bdd0d3fe2cca2a24eb"
  integrity sha1-DK+dLXVdk67gSdS90NP+LMoqJOs=
  dependencies:
    http-parser-js ">=0.4.0"
    websocket-extensions ">=0.1.1"

websocket-extensions@>=0.1.1:
  version "0.1.3"
  resolved "https://registry.yarnpkg.com/websocket-extensions/-/websocket-extensions-0.1.3.tgz#5d2ff22977003ec687a4b87073dfbbac146ccf29"
  integrity sha512-nqHUnMXmBzT0w570r2JpJxfiSD1IzoI+HGVdd3aZ0yNi3ngvQ4jv1dtHt5VGxfI2yj5yqImPhOK4vmIh2xMbGg==

wrappy@1:
  version "1.0.2"
  resolved "https://registry.yarnpkg.com/wrappy/-/wrappy-1.0.2.tgz#b5243d8f3ec1aa35f1364605bc0d1036e30ab69f"
  integrity sha1-tSQ9jz7BqjXxNkYFvA0QNuMKtp8=

xmlhttprequest@^1.8.0:
  version "1.8.0"
  resolved "https://registry.yarnpkg.com/xmlhttprequest/-/xmlhttprequest-1.8.0.tgz#67fe075c5c24fef39f9d65f5f7b7fe75171968fc"
  integrity sha1-Z/4HXFwk/vOfnWX197f+dRcZaPw=

yallist@^3.0.2:
  version "3.1.1"
  resolved "https://registry.yarnpkg.com/yallist/-/yallist-3.1.1.tgz#dbb7daf9bfd8bac9ab45ebf602b8cbad0d5d08fd"
  integrity sha512-a4UGQaWPH59mOXUYnAG2ewncQS4i4F43Tv3JoAM+s2VDAmS9NsK8GpDMLrCHPksFT7h3K6TOoUNn2pb7RoXx4g==
